// !$*UTF8*$!
{
	archiveVersion = 1;
	classes = {
	};
	objectVersion = 50;
	objects = {

/* Begin PBXBuildFile section */
		6880FB002398852400D33F31 /* AppDelegate.swift in Sources */ = {isa = PBXBuildFile; fileRef = 6880FAFF2398852400D33F31 /* AppDelegate.swift */; };
		6880FB022398852400D33F31 /* SceneDelegate.swift in Sources */ = {isa = PBXBuildFile; fileRef = 6880FB012398852400D33F31 /* SceneDelegate.swift */; };
		6880FB042398852400D33F31 /* ContentView.swift in Sources */ = {isa = PBXBuildFile; fileRef = 6880FB032398852400D33F31 /* ContentView.swift */; };
		6880FB062398852500D33F31 /* Assets.xcassets in Resources */ = {isa = PBXBuildFile; fileRef = 6880FB052398852500D33F31 /* Assets.xcassets */; };
		6880FB092398852500D33F31 /* Preview Assets.xcassets in Resources */ = {isa = PBXBuildFile; fileRef = 6880FB082398852500D33F31 /* Preview Assets.xcassets */; };
		6880FB0C2398852500D33F31 /* LaunchScreen.storyboard in Resources */ = {isa = PBXBuildFile; fileRef = 6880FB0A2398852500D33F31 /* LaunchScreen.storyboard */; };
		6880FB1D239885D000D33F31 /* String.swift in Sources */ = {isa = PBXBuildFile; fileRef = 6880FB1C239885D000D33F31 /* String.swift */; };
		6880FB1F239885E700D33F31 /* Color.swift in Sources */ = {isa = PBXBuildFile; fileRef = 6880FB1E239885E700D33F31 /* Color.swift */; };
		6880FB222398866600D33F31 /* PhoneContact.swift in Sources */ = {isa = PBXBuildFile; fileRef = 6880FB212398866600D33F31 /* PhoneContact.swift */; };
		6880FB242398867C00D33F31 /* PhoneContacts.swift in Sources */ = {isa = PBXBuildFile; fileRef = 6880FB232398867C00D33F31 /* PhoneContacts.swift */; };
		68EBFC8E23A6D60900B6A643 /* ContactButton.swift in Sources */ = {isa = PBXBuildFile; fileRef = 68EBFC8D23A6D60900B6A643 /* ContactButton.swift */; };
		68EBFC9323A6D87700B6A643 /* ContactView.swift in Sources */ = {isa = PBXBuildFile; fileRef = 68EBFC9223A6D87700B6A643 /* ContactView.swift */; };
/* End PBXBuildFile section */

/* Begin PBXFileReference section */
		6880FAFC2398852400D33F31 /* Contaxe.app */ = {isa = PBXFileReference; explicitFileType = wrapper.application; includeInIndex = 0; path = Contaxe.app; sourceTree = BUILT_PRODUCTS_DIR; };
		6880FAFF2398852400D33F31 /* AppDelegate.swift */ = {isa = PBXFileReference; lastKnownFileType = sourcecode.swift; path = AppDelegate.swift; sourceTree = "<group>"; };
		6880FB012398852400D33F31 /* SceneDelegate.swift */ = {isa = PBXFileReference; lastKnownFileType = sourcecode.swift; path = SceneDelegate.swift; sourceTree = "<group>"; };
		6880FB032398852400D33F31 /* ContentView.swift */ = {isa = PBXFileReference; lastKnownFileType = sourcecode.swift; path = ContentView.swift; sourceTree = "<group>"; };
		6880FB052398852500D33F31 /* Assets.xcassets */ = {isa = PBXFileReference; lastKnownFileType = folder.assetcatalog; path = Assets.xcassets; sourceTree = "<group>"; };
		6880FB082398852500D33F31 /* Preview Assets.xcassets */ = {isa = PBXFileReference; lastKnownFileType = folder.assetcatalog; path = "Preview Assets.xcassets"; sourceTree = "<group>"; };
		6880FB0B2398852500D33F31 /* Base */ = {isa = PBXFileReference; lastKnownFileType = file.storyboard; name = Base; path = Base.lproj/LaunchScreen.storyboard; sourceTree = "<group>"; };
		6880FB0D2398852500D33F31 /* Info.plist */ = {isa = PBXFileReference; lastKnownFileType = text.plist.xml; path = Info.plist; sourceTree = "<group>"; };
		6880FB1C239885D000D33F31 /* String.swift */ = {isa = PBXFileReference; lastKnownFileType = sourcecode.swift; path = String.swift; sourceTree = "<group>"; };
		6880FB1E239885E700D33F31 /* Color.swift */ = {isa = PBXFileReference; lastKnownFileType = sourcecode.swift; path = Color.swift; sourceTree = "<group>"; };
		6880FB212398866600D33F31 /* PhoneContact.swift */ = {isa = PBXFileReference; lastKnownFileType = sourcecode.swift; path = PhoneContact.swift; sourceTree = "<group>"; };
		6880FB232398867C00D33F31 /* PhoneContacts.swift */ = {isa = PBXFileReference; lastKnownFileType = sourcecode.swift; path = PhoneContacts.swift; sourceTree = "<group>"; };
		68EBFC8D23A6D60900B6A643 /* ContactButton.swift */ = {isa = PBXFileReference; lastKnownFileType = sourcecode.swift; path = ContactButton.swift; sourceTree = "<group>"; };
		68EBFC9223A6D87700B6A643 /* ContactView.swift */ = {isa = PBXFileReference; lastKnownFileType = sourcecode.swift; path = ContactView.swift; sourceTree = "<group>"; };
/* End PBXFileReference section */

/* Begin PBXFrameworksBuildPhase section */
		6880FAF92398852400D33F31 /* Frameworks */ = {
			isa = PBXFrameworksBuildPhase;
			buildActionMask = 2147483647;
			files = (
			);
			runOnlyForDeploymentPostprocessing = 0;
		};
/* End PBXFrameworksBuildPhase section */

/* Begin PBXGroup section */
		6880FAF32398852400D33F31 = {
			isa = PBXGroup;
			children = (
				6880FAFE2398852400D33F31 /* Contaxe */,
				6880FAFD2398852400D33F31 /* Products */,
			);
			sourceTree = "<group>";
		};
		6880FAFD2398852400D33F31 /* Products */ = {
			isa = PBXGroup;
			children = (
				6880FAFC2398852400D33F31 /* Contaxe.app */,
			);
			name = Products;
			sourceTree = "<group>";
		};
		6880FAFE2398852400D33F31 /* Contaxe */ = {
			isa = PBXGroup;
			children = (
				68EBFC8C23A6D5F700B6A643 /* Components */,
				6880FB132398853300D33F31 /* Extensions */,
				6880FB202398865700D33F31 /* Managers */,
				68EBFC8F23A6D73200B6A643 /* Models */,
				6880FAFF2398852400D33F31 /* AppDelegate.swift */,
				6880FB012398852400D33F31 /* SceneDelegate.swift */,
				6880FB052398852500D33F31 /* Assets.xcassets */,
				6880FB0A2398852500D33F31 /* LaunchScreen.storyboard */,
				6880FB0D2398852500D33F31 /* Info.plist */,
				6880FB072398852500D33F31 /* Preview Content */,
			);
			path = Contaxe;
			sourceTree = "<group>";
		};
		6880FB072398852500D33F31 /* Preview Content */ = {
			isa = PBXGroup;
			children = (
				6880FB082398852500D33F31 /* Preview Assets.xcassets */,
			);
			path = "Preview Content";
			sourceTree = "<group>";
		};
		6880FB132398853300D33F31 /* Extensions */ = {
			isa = PBXGroup;
			children = (
				6880FB1C239885D000D33F31 /* String.swift */,
				6880FB1E239885E700D33F31 /* Color.swift */,
			);
			path = Extensions;
			sourceTree = "<group>";
		};
		6880FB202398865700D33F31 /* Managers */ = {
			isa = PBXGroup;
			children = (
				6880FB232398867C00D33F31 /* PhoneContacts.swift */,
			);
			path = Managers;
			sourceTree = "<group>";
		};
		68EBFC8C23A6D5F700B6A643 /* Components */ = {
			isa = PBXGroup;
			children = (
				6880FB032398852400D33F31 /* ContentView.swift */,
				68EBFC8D23A6D60900B6A643 /* ContactButton.swift */,
				68EBFC9223A6D87700B6A643 /* ContactView.swift */,
			);
			path = Components;
			sourceTree = "<group>";
		};
		68EBFC8F23A6D73200B6A643 /* Models */ = {
			isa = PBXGroup;
			children = (
				6880FB212398866600D33F31 /* PhoneContact.swift */,
			);
			path = Models;
			sourceTree = "<group>";
		};
/* End PBXGroup section */

/* Begin PBXNativeTarget section */
		6880FAFB2398852400D33F31 /* Contaxe */ = {
			isa = PBXNativeTarget;
			buildConfigurationList = 6880FB102398852500D33F31 /* Build configuration list for PBXNativeTarget "Contaxe" */;
			buildPhases = (
				6880FAF82398852400D33F31 /* Sources */,
				6880FAF92398852400D33F31 /* Frameworks */,
				6880FAFA2398852400D33F31 /* Resources */,
			);
			buildRules = (
			);
			dependencies = (
			);
			name = Contaxe;
			productName = Contaxe;
			productReference = 6880FAFC2398852400D33F31 /* Contaxe.app */;
			productType = "com.apple.product-type.application";
		};
/* End PBXNativeTarget section */

/* Begin PBXProject section */
		6880FAF42398852400D33F31 /* Project object */ = {
			isa = PBXProject;
			attributes = {
				LastSwiftUpdateCheck = 1120;
				LastUpgradeCheck = 1120;
				ORGANIZATIONNAME = "Neas Lease";
				TargetAttributes = {
					6880FAFB2398852400D33F31 = {
						CreatedOnToolsVersion = 11.2.1;
					};
				};
			};
			buildConfigurationList = 6880FAF72398852400D33F31 /* Build configuration list for PBXProject "Contaxe" */;
			compatibilityVersion = "Xcode 9.3";
			developmentRegion = en;
			hasScannedForEncodings = 0;
			knownRegions = (
				en,
				Base,
			);
			mainGroup = 6880FAF32398852400D33F31;
			productRefGroup = 6880FAFD2398852400D33F31 /* Products */;
			projectDirPath = "";
			projectRoot = "";
			targets = (
				6880FAFB2398852400D33F31 /* Contaxe */,
			);
		};
/* End PBXProject section */

/* Begin PBXResourcesBuildPhase section */
		6880FAFA2398852400D33F31 /* Resources */ = {
			isa = PBXResourcesBuildPhase;
			buildActionMask = 2147483647;
			files = (
				6880FB0C2398852500D33F31 /* LaunchScreen.storyboard in Resources */,
				6880FB092398852500D33F31 /* Preview Assets.xcassets in Resources */,
				6880FB062398852500D33F31 /* Assets.xcassets in Resources */,
			);
			runOnlyForDeploymentPostprocessing = 0;
		};
/* End PBXResourcesBuildPhase section */

/* Begin PBXSourcesBuildPhase section */
		6880FAF82398852400D33F31 /* Sources */ = {
			isa = PBXSourcesBuildPhase;
			buildActionMask = 2147483647;
			files = (
				6880FB002398852400D33F31 /* AppDelegate.swift in Sources */,
				6880FB022398852400D33F31 /* SceneDelegate.swift in Sources */,
				6880FB1D239885D000D33F31 /* String.swift in Sources */,
				6880FB042398852400D33F31 /* ContentView.swift in Sources */,
				68EBFC9323A6D87700B6A643 /* ContactView.swift in Sources */,
				6880FB1F239885E700D33F31 /* Color.swift in Sources */,
				6880FB222398866600D33F31 /* PhoneContact.swift in Sources */,
				68EBFC8E23A6D60900B6A643 /* ContactButton.swift in Sources */,
				6880FB242398867C00D33F31 /* PhoneContacts.swift in Sources */,
			);
			runOnlyForDeploymentPostprocessing = 0;
		};
/* End PBXSourcesBuildPhase section */

/* Begin PBXVariantGroup section */
		6880FB0A2398852500D33F31 /* LaunchScreen.storyboard */ = {
			isa = PBXVariantGroup;
			children = (
				6880FB0B2398852500D33F31 /* Base */,
			);
			name = LaunchScreen.storyboard;
			sourceTree = "<group>";
		};
/* End PBXVariantGroup section */

/* Begin XCBuildConfiguration section */
		6880FB0E2398852500D33F31 /* Debug */ = {
			isa = XCBuildConfiguration;
			buildSettings = {
				ALWAYS_SEARCH_USER_PATHS = NO;
				CLANG_ANALYZER_NONNULL = YES;
				CLANG_ANALYZER_NUMBER_OBJECT_CONVERSION = YES_AGGRESSIVE;
				CLANG_CXX_LANGUAGE_STANDARD = "gnu++14";
				CLANG_CXX_LIBRARY = "libc++";
				CLANG_ENABLE_MODULES = YES;
				CLANG_ENABLE_OBJC_ARC = YES;
				CLANG_ENABLE_OBJC_WEAK = YES;
				CLANG_WARN_BLOCK_CAPTURE_AUTORELEASING = YES;
				CLANG_WARN_BOOL_CONVERSION = YES;
				CLANG_WARN_COMMA = YES;
				CLANG_WARN_CONSTANT_CONVERSION = YES;
				CLANG_WARN_DEPRECATED_OBJC_IMPLEMENTATIONS = YES;
				CLANG_WARN_DIRECT_OBJC_ISA_USAGE = YES_ERROR;
				CLANG_WARN_DOCUMENTATION_COMMENTS = YES;
				CLANG_WARN_EMPTY_BODY = YES;
				CLANG_WARN_ENUM_CONVERSION = YES;
				CLANG_WARN_INFINITE_RECURSION = YES;
				CLANG_WARN_INT_CONVERSION = YES;
				CLANG_WARN_NON_LITERAL_NULL_CONVERSION = YES;
				CLANG_WARN_OBJC_IMPLICIT_RETAIN_SELF = YES;
				CLANG_WARN_OBJC_LITERAL_CONVERSION = YES;
				CLANG_WARN_OBJC_ROOT_CLASS = YES_ERROR;
				CLANG_WARN_RANGE_LOOP_ANALYSIS = YES;
				CLANG_WARN_STRICT_PROTOTYPES = YES;
				CLANG_WARN_SUSPICIOUS_MOVE = YES;
				CLANG_WARN_UNGUARDED_AVAILABILITY = YES_AGGRESSIVE;
				CLANG_WARN_UNREACHABLE_CODE = YES;
				CLANG_WARN__DUPLICATE_METHOD_MATCH = YES;
				COPY_PHASE_STRIP = NO;
				DEBUG_INFORMATION_FORMAT = dwarf;
				ENABLE_STRICT_OBJC_MSGSEND = YES;
				ENABLE_TESTABILITY = YES;
				GCC_C_LANGUAGE_STANDARD = gnu11;
				GCC_DYNAMIC_NO_PIC = NO;
				GCC_NO_COMMON_BLOCKS = YES;
				GCC_OPTIMIZATION_LEVEL = 0;
				GCC_PREPROCESSOR_DEFINITIONS = (
					"DEBUG=1",
					"$(inherited)",
				);
				GCC_WARN_64_TO_32_BIT_CONVERSION = YES;
				GCC_WARN_ABOUT_RETURN_TYPE = YES_ERROR;
				GCC_WARN_UNDECLARED_SELECTOR = YES;
				GCC_WARN_UNINITIALIZED_AUTOS = YES_AGGRESSIVE;
				GCC_WARN_UNUSED_FUNCTION = YES;
				GCC_WARN_UNUSED_VARIABLE = YES;
				IPHONEOS_DEPLOYMENT_TARGET = 13.2;
				MTL_ENABLE_DEBUG_INFO = INCLUDE_SOURCE;
				MTL_FAST_MATH = YES;
				ONLY_ACTIVE_ARCH = YES;
				SDKROOT = iphoneos;
				SWIFT_ACTIVE_COMPILATION_CONDITIONS = DEBUG;
				SWIFT_OPTIMIZATION_LEVEL = "-Onone";
			};
			name = Debug;
		};
		6880FB0F2398852500D33F31 /* Release */ = {
			isa = XCBuildConfiguration;
			buildSettings = {
				ALWAYS_SEARCH_USER_PATHS = NO;
				CLANG_ANALYZER_NONNULL = YES;
				CLANG_ANALYZER_NUMBER_OBJECT_CONVERSION = YES_AGGRESSIVE;
				CLANG_CXX_LANGUAGE_STANDARD = "gnu++14";
				CLANG_CXX_LIBRARY = "libc++";
				CLANG_ENABLE_MODULES = YES;
				CLANG_ENABLE_OBJC_ARC = YES;
				CLANG_ENABLE_OBJC_WEAK = YES;
				CLANG_WARN_BLOCK_CAPTURE_AUTORELEASING = YES;
				CLANG_WARN_BOOL_CONVERSION = YES;
				CLANG_WARN_COMMA = YES;
				CLANG_WARN_CONSTANT_CONVERSION = YES;
				CLANG_WARN_DEPRECATED_OBJC_IMPLEMENTATIONS = YES;
				CLANG_WARN_DIRECT_OBJC_ISA_USAGE = YES_ERROR;
				CLANG_WARN_DOCUMENTATION_COMMENTS = YES;
				CLANG_WARN_EMPTY_BODY = YES;
				CLANG_WARN_ENUM_CONVERSION = YES;
				CLANG_WARN_INFINITE_RECURSION = YES;
				CLANG_WARN_INT_CONVERSION = YES;
				CLANG_WARN_NON_LITERAL_NULL_CONVERSION = YES;
				CLANG_WARN_OBJC_IMPLICIT_RETAIN_SELF = YES;
				CLANG_WARN_OBJC_LITERAL_CONVERSION = YES;
				CLANG_WARN_OBJC_ROOT_CLASS = YES_ERROR;
				CLANG_WARN_RANGE_LOOP_ANALYSIS = YES;
				CLANG_WARN_STRICT_PROTOTYPES = YES;
				CLANG_WARN_SUSPICIOUS_MOVE = YES;
				CLANG_WARN_UNGUARDED_AVAILABILITY = YES_AGGRESSIVE;
				CLANG_WARN_UNREACHABLE_CODE = YES;
				CLANG_WARN__DUPLICATE_METHOD_MATCH = YES;
				COPY_PHASE_STRIP = NO;
				DEBUG_INFORMATION_FORMAT = "dwarf-with-dsym";
				ENABLE_NS_ASSERTIONS = NO;
				ENABLE_STRICT_OBJC_MSGSEND = YES;
				GCC_C_LANGUAGE_STANDARD = gnu11;
				GCC_NO_COMMON_BLOCKS = YES;
				GCC_WARN_64_TO_32_BIT_CONVERSION = YES;
				GCC_WARN_ABOUT_RETURN_TYPE = YES_ERROR;
				GCC_WARN_UNDECLARED_SELECTOR = YES;
				GCC_WARN_UNINITIALIZED_AUTOS = YES_AGGRESSIVE;
				GCC_WARN_UNUSED_FUNCTION = YES;
				GCC_WARN_UNUSED_VARIABLE = YES;
				IPHONEOS_DEPLOYMENT_TARGET = 13.2;
				MTL_ENABLE_DEBUG_INFO = NO;
				MTL_FAST_MATH = YES;
				SDKROOT = iphoneos;
				SWIFT_COMPILATION_MODE = wholemodule;
				SWIFT_OPTIMIZATION_LEVEL = "-O";
				VALIDATE_PRODUCT = YES;
			};
			name = Release;
		};
		6880FB112398852500D33F31 /* Debug */ = {
			isa = XCBuildConfiguration;
			buildSettings = {
				ASSETCATALOG_COMPILER_APPICON_NAME = AppIcon;
				CODE_SIGN_STYLE = Automatic;
				DEVELOPMENT_ASSET_PATHS = "\"Contaxe/Preview Content\"";
				DEVELOPMENT_TEAM = 6G246VB5CG;
				ENABLE_PREVIEWS = YES;
				INFOPLIST_FILE = Contaxe/Info.plist;
				LD_RUNPATH_SEARCH_PATHS = (
					"$(inherited)",
					"@executable_path/Frameworks",
				);
				PRODUCT_BUNDLE_IDENTIFIER = neas.lease.Contaxe;
				PRODUCT_NAME = "$(TARGET_NAME)";
				SWIFT_VERSION = 5.0;
				TARGETED_DEVICE_FAMILY = "1,2";
			};
			name = Debug;
		};
		6880FB122398852500D33F31 /* Release */ = {
			isa = XCBuildConfiguration;
			buildSettings = {
				ASSETCATALOG_COMPILER_APPICON_NAME = AppIcon;
				CODE_SIGN_STYLE = Automatic;
				DEVELOPMENT_ASSET_PATHS = "\"Contaxe/Preview Content\"";
				DEVELOPMENT_TEAM = 6G246VB5CG;
				ENABLE_PREVIEWS = YES;
				INFOPLIST_FILE = Contaxe/Info.plist;
				LD_RUNPATH_SEARCH_PATHS = (
					"$(inherited)",
					"@executable_path/Frameworks",
				);
				PRODUCT_BUNDLE_IDENTIFIER = neas.lease.Contaxe;
				PRODUCT_NAME = "$(TARGET_NAME)";
				SWIFT_VERSION = 5.0;
				TARGETED_DEVICE_FAMILY = "1,2";
			};
			name = Release;
		};
/* End XCBuildConfiguration section */

/* Begin XCConfigurationList section */
		6880FAF72398852400D33F31 /* Build configuration list for PBXProject "Contaxe" */ = {
			isa = XCConfigurationList;
			buildConfigurations = (
				6880FB0E2398852500D33F31 /* Debug */,
				6880FB0F2398852500D33F31 /* Release */,
			);
			defaultConfigurationIsVisible = 0;
			defaultConfigurationName = Release;
		};
		6880FB102398852500D33F31 /* Build configuration list for PBXNativeTarget "Contaxe" */ = {
			isa = XCConfigurationList;
			buildConfigurations = (
				6880FB112398852500D33F31 /* Debug */,
				6880FB122398852500D33F31 /* Release */,
			);
			defaultConfigurationIsVisible = 0;
			defaultConfigurationName = Release;
		};
/* End XCConfigurationList section */
	};
	rootObject = 6880FAF42398852400D33F31 /* Project object */;
}
